{
    "version": 3,
    "terraform_version": "0.9.4",
    "serial": 4,
    "lineage": "b8f2f38c-2563-47e1-b0bb-a0a61bc195ff",
    "modules": [
        {
            "path": [
                "root"
            ],
            "outputs": {},
            "resources": {},
            "depends_on": []
        },
        {
            "path": [
                "root",
                "subnets"
            ],
            "outputs": {
                "ids": {
                    "sensitive": false,
                    "type": "list",
                    "value": [
                        "subnet-03594d59",
                        "subnet-3b8a355f",
                        "subnet-874b58ab",
                        "subnet-965743cc",
                        "subnet-38853a5c",
                        "subnet-874e5dab",
                        "subnet-2b5f4b71",
                        "subnet-488e312c",
                        "subnet-ea4a59c6"
                    ]
                }
            },
            "resources": {
                "aws_subnet.subnet.0": {
                    "type": "aws_subnet",
                    "depends_on": [
                        "data.aws_availability_zones.current"
                    ],
                    "primary": {
                        "id": "subnet-03594d59",
                        "attributes": {
                            "assign_ipv6_address_on_creation": "false",
                            "availability_zone": "us-east-1a",
                            "cidr_block": "10.204.0.0/18",
                            "id": "subnet-03594d59",
                            "map_public_ip_on_launch": "false",
                            "tags.%": "13",
                            "tags.Name": "pri_a",
                            "tags.cname": "n/a",
                            "tags.cost_centre": "81182",
                            "tags.creator": "460402331925",
                            "tags.dr": "undefined",
                            "tags.environment": "dev",
                            "tags.expiry": "01/12/2027",
                            "tags.product": "Development",
                            "tags.programme": "Base AWS infrastructure",
                            "tags.project": "Base AWS infrastructure",
                            "tags.security_class": "sensitive",
                            "tags.support": "undefined",
                            "tags.terraform": "true",
                            "vpc_id": "vpc-064b8a7e"
                        },
                        "meta": {
                            "schema_version": "1"
                        },
                        "tainted": false
                    },
                    "deposed": [],
                    "provider": ""
                },
                "aws_subnet.subnet.1": {
                    "type": "aws_subnet",
                    "depends_on": [
                        "data.aws_availability_zones.current"
                    ],
                    "primary": {
                        "id": "subnet-3b8a355f",
                        "attributes": {
                            "assign_ipv6_address_on_creation": "false",
                            "availability_zone": "us-east-1b",
                            "cidr_block": "10.204.64.0/18",
                            "id": "subnet-3b8a355f",
                            "map_public_ip_on_launch": "false",
                            "tags.%": "13",
                            "tags.Name": "pri_b",
                            "tags.cname": "n/a",
                            "tags.cost_centre": "81182",
                            "tags.creator": "460402331925",
                            "tags.dr": "undefined",
                            "tags.environment": "dev",
                            "tags.expiry": "01/12/2027",
                            "tags.product": "Development",
                            "tags.programme": "Base AWS infrastructure",
                            "tags.project": "Base AWS infrastructure",
                            "tags.security_class": "sensitive",
                            "tags.support": "undefined",
                            "tags.terraform": "true",
                            "vpc_id": "vpc-064b8a7e"
                        },
                        "meta": {
                            "schema_version": "1"
                        },
                        "tainted": false
                    },
                    "deposed": [],
                    "provider": ""
                },
                "aws_subnet.subnet.2": {
                    "type": "aws_subnet",
                    "depends_on": [
                        "data.aws_availability_zones.current"
                    ],
                    "primary": {
                        "id": "subnet-874b58ab",
                        "attributes": {
                            "assign_ipv6_address_on_creation": "false",
                            "availability_zone": "us-east-1c",
                            "cidr_block": "10.204.128.0/18",
                            "id": "subnet-874b58ab",
                            "map_public_ip_on_launch": "false",
                            "tags.%": "13",
                            "tags.Name": "pri_c",
                            "tags.cname": "n/a",
                            "tags.cost_centre": "81182",
                            "tags.creator": "460402331925",
                            "tags.dr": "undefined",
                            "tags.environment": "dev",
                            "tags.expiry": "01/12/2027",
                            "tags.product": "Development",
                            "tags.programme": "Base AWS infrastructure",
                            "tags.project": "Base AWS infrastructure",
                            "tags.security_class": "sensitive",
                            "tags.support": "undefined",
                            "tags.terraform": "true",
                            "vpc_id": "vpc-064b8a7e"
                        },
                        "meta": {
                            "schema_version": "1"
                        },
                        "tainted": false
                    },
                    "deposed": [],
                    "provider": ""
                },
                "aws_subnet.subnet.3": {
                    "type": "aws_subnet",
                    "depends_on": [
                        "data.aws_availability_zones.current"
                    ],
                    "primary": {
                        "id": "subnet-965743cc",
                        "attributes": {
                            "assign_ipv6_address_on_creation": "false",
                            "availability_zone": "us-east-1a",
                            "cidr_block": "10.204.192.0/21",
                            "id": "subnet-965743cc",
                            "map_public_ip_on_launch": "false",
                            "tags.%": "13",
                            "tags.Name": "mix_a",
                            "tags.cname": "n/a",
                            "tags.cost_centre": "81182",
                            "tags.creator": "460402331925",
                            "tags.dr": "undefined",
                            "tags.environment": "dev",
                            "tags.expiry": "01/12/2027",
                            "tags.product": "Development",
                            "tags.programme": "Base AWS infrastructure",
                            "tags.project": "Base AWS infrastructure",
                            "tags.security_class": "sensitive",
                            "tags.support": "undefined",
                            "tags.terraform": "true",
                            "vpc_id": "vpc-064b8a7e"
                        },
                        "meta": {
                            "schema_version": "1"
                        },
                        "tainted": false
                    },
                    "deposed": [],
                    "provider": ""
                },
                "aws_subnet.subnet.4": {
                    "type": "aws_subnet",
                    "depends_on": [
                        "data.aws_availability_zones.current"
                    ],
                    "primary": {
                        "id": "subnet-38853a5c",
                        "attributes": {
                            "assign_ipv6_address_on_creation": "false",
                            "availability_zone": "us-east-1b",
                            "cidr_block": "10.204.200.0/21",
                            "id": "subnet-38853a5c",
                            "map_public_ip_on_launch": "false",
                            "tags.%": "13",
                            "tags.Name": "mix_b",
                            "tags.cname": "n/a",
                            "tags.cost_centre": "81182",
                            "tags.creator": "460402331925",
                            "tags.dr": "undefined",
                            "tags.environment": "dev",
                            "tags.expiry": "01/12/2027",
                            "tags.product": "Development",
                            "tags.programme": "Base AWS infrastructure",
                            "tags.project": "Base AWS infrastructure",
                            "tags.security_class": "sensitive",
                            "tags.support": "undefined",
                            "tags.terraform": "true",
                            "vpc_id": "vpc-064b8a7e"
                        },
                        "meta": {
                            "schema_version": "1"
                        },
                        "tainted": false
                    },
                    "deposed": [],
                    "provider": ""
                },
                "aws_subnet.subnet.5": {
                    "type": "aws_subnet",
                    "depends_on": [
                        "data.aws_availability_zones.current"
                    ],
                    "primary": {
                        "id": "subnet-874e5dab",
                        "attributes": {
                            "assign_ipv6_address_on_creation": "false",
                            "availability_zone": "us-east-1c",
                            "cidr_block": "10.204.208.0/21",
                            "id": "subnet-874e5dab",
                            "map_public_ip_on_launch": "false",
                            "tags.%": "13",
                            "tags.Name": "mix_c",
                            "tags.cname": "n/a",
                            "tags.cost_centre": "81182",
                            "tags.creator": "460402331925",
                            "tags.dr": "undefined",
                            "tags.environment": "dev",
                            "tags.expiry": "01/12/2027",
                            "tags.product": "Development",
                            "tags.programme": "Base AWS infrastructure",
                            "tags.project": "Base AWS infrastructure",
                            "tags.security_class": "sensitive",
                            "tags.support": "undefined",
                            "tags.terraform": "true",
                            "vpc_id": "vpc-064b8a7e"
                        },
                        "meta": {
                            "schema_version": "1"
                        },
                        "tainted": false
                    },
                    "deposed": [],
                    "provider": ""
                },
                "aws_subnet.subnet.6": {
                    "type": "aws_subnet",
                    "depends_on": [
                        "data.aws_availability_zones.current"
                    ],
                    "primary": {
                        "id": "subnet-2b5f4b71",
                        "attributes": {
                            "assign_ipv6_address_on_creation": "false",
                            "availability_zone": "us-east-1a",
                            "cidr_block": "10.204.224.0/21",
                            "id": "subnet-2b5f4b71",
                            "map_public_ip_on_launch": "false",
                            "tags.%": "13",
                            "tags.Name": "pub_a",
                            "tags.cname": "n/a",
                            "tags.cost_centre": "81182",
                            "tags.creator": "460402331925",
                            "tags.dr": "undefined",
                            "tags.environment": "dev",
                            "tags.expiry": "01/12/2027",
                            "tags.product": "Development",
                            "tags.programme": "Base AWS infrastructure",
                            "tags.project": "Base AWS infrastructure",
                            "tags.security_class": "sensitive",
                            "tags.support": "undefined",
                            "tags.terraform": "true",
                            "vpc_id": "vpc-064b8a7e"
                        },
                        "meta": {
                            "schema_version": "1"
                        },
                        "tainted": false
                    },
                    "deposed": [],
                    "provider": ""
                },
                "aws_subnet.subnet.7": {
                    "type": "aws_subnet",
                    "depends_on": [
                        "data.aws_availability_zones.current"
                    ],
                    "primary": {
                        "id": "subnet-488e312c",
                        "attributes": {
                            "assign_ipv6_address_on_creation": "false",
                            "availability_zone": "us-east-1b",
                            "cidr_block": "10.204.232.0/21",
                            "id": "subnet-488e312c",
                            "map_public_ip_on_launch": "false",
                            "tags.%": "13",
                            "tags.Name": "pub_b",
                            "tags.cname": "n/a",
                            "tags.cost_centre": "81182",
                            "tags.creator": "460402331925",
                            "tags.dr": "undefined",
                            "tags.environment": "dev",
                            "tags.expiry": "01/12/2027",
                            "tags.product": "Development",
                            "tags.programme": "Base AWS infrastructure",
                            "tags.project": "Base AWS infrastructure",
                            "tags.security_class": "sensitive",
                            "tags.support": "undefined",
                            "tags.terraform": "true",
                            "vpc_id": "vpc-064b8a7e"
                        },
                        "meta": {
                            "schema_version": "1"
                        },
                        "tainted": false
                    },
                    "deposed": [],
                    "provider": ""
                },
                "aws_subnet.subnet.8": {
                    "type": "aws_subnet",
                    "depends_on": [
                        "data.aws_availability_zones.current"
                    ],
                    "primary": {
                        "id": "subnet-ea4a59c6",
                        "attributes": {
                            "assign_ipv6_address_on_creation": "false",
                            "availability_zone": "us-east-1c",
                            "cidr_block": "10.204.240.0/21",
                            "id": "subnet-ea4a59c6",
                            "map_public_ip_on_launch": "false",
                            "tags.%": "13",
                            "tags.Name": "pub_c",
                            "tags.cname": "n/a",
                            "tags.cost_centre": "81182",
                            "tags.creator": "460402331925",
                            "tags.dr": "undefined",
                            "tags.environment": "dev",
                            "tags.expiry": "01/12/2027",
                            "tags.product": "Development",
                            "tags.programme": "Base AWS infrastructure",
                            "tags.project": "Base AWS infrastructure",
                            "tags.security_class": "sensitive",
                            "tags.support": "undefined",
                            "tags.terraform": "true",
                            "vpc_id": "vpc-064b8a7e"
                        },
                        "meta": {
                            "schema_version": "1"
                        },
                        "tainted": false
                    },
                    "deposed": [],
                    "provider": ""
                },
                "data.aws_availability_zones.current": {
                    "type": "aws_availability_zones",
                    "depends_on": [],
                    "primary": {
                        "id": "2017-10-11 12:18:01.386783436 +0000 UTC",
                        "attributes": {
                            "id": "2017-10-11 12:18:01.386783436 +0000 UTC",
                            "names.#": "6",
                            "names.0": "us-east-1a",
                            "names.1": "us-east-1b",
                            "names.2": "us-east-1c",
                            "names.3": "us-east-1d",
                            "names.4": "us-east-1e",
                            "names.5": "us-east-1f"
                        },
                        "meta": {},
                        "tainted": false
                    },
                    "deposed": [],
                    "provider": ""
                }
            },
            "depends_on": []
        },
        {
            "path": [
                "root",
                "vpc"
            ],
            "outputs": {
                "cidr": {
                    "sensitive": false,
                    "type": "string",
                    "value": "10.204.0.0/16"
                },
                "id": {
                    "sensitive": false,
                    "type": "string",
                    "value": "vpc-064b8a7e"
                },
                "route_table": {
                    "sensitive": false,
                    "type": "string",
                    "value": "rtb-82a606f8"
                }
            },
            "resources": {
                "aws_vpc.vpc": {
                    "type": "aws_vpc",
                    "depends_on": [],
                    "primary": {
                        "id": "vpc-064b8a7e",
                        "attributes": {
                            "assign_generated_ipv6_cidr_block": "false",
                            "cidr_block": "10.204.0.0/16",
                            "default_network_acl_id": "acl-6efb8316",
                            "default_route_table_id": "rtb-82a606f8",
                            "default_security_group_id": "sg-19d2146b",
                            "dhcp_options_id": "dopt-dd63d5bb",
                            "enable_classiclink": "false",
                            "enable_dns_hostnames": "true",
                            "enable_dns_support": "true",
                            "id": "vpc-064b8a7e",
                            "instance_tenancy": "default",
                            "main_route_table_id": "rtb-82a606f8",
                            "tags.%": "13",
                            "tags.Name": "Development VPC",
                            "tags.cname": "n/a",
                            "tags.cost_centre": "81182",
                            "tags.creator": "460402331925",
                            "tags.dr": "undefined",
                            "tags.environment": "dev",
                            "tags.expiry": "01/12/2027",
                            "tags.product": "Development",
                            "tags.programme": "Base AWS infrastructure",
                            "tags.project": "Base AWS infrastructure",
                            "tags.security_class": "sensitive",
                            "tags.support": "undefined",
                            "tags.terraform": "true"
                        },
                        "meta": {
                            "schema_version": "1"
                        },
                        "tainted": false
                    },
                    "deposed": [],
                    "provider": ""
                }
            },
            "depends_on": []
        }
    ]
}
